
Microsoft Visual Studio Solution File, Format Version 12.00
# Visual Studio Version 16
VisualStudioVersion = 16.0.30804.86
MinimumVisualStudioVersion = 10.0.40219.1
Project("{2150E333-8FDC-42A3-9474-1A3956D46DE8}") = "01.common", "01.common", "{2B6431E2-DB24-4CDE-8BF0-2B15092B3207}"
	ProjectSection(SolutionItems) = preProject
		.gitignore = .gitignore
	EndProjectSection
EndProject
Project("{2150E333-8FDC-42A3-9474-1A3956D46DE8}") = "02.bookcafe", "02.bookcafe", "{F6A91297-71CF-4E7A-9337-74C9EF1E71C0}"
EndProject
Project("{2150E333-8FDC-42A3-9474-1A3956D46DE8}") = "99.examples", "99.examples", "{C88A2FE8-C151-4553-BD20-EA3A8D5FF0E2}"
EndProject
Project("{8BC9CEB8-8B4A-11D0-8D11-00A0C91BC942}") = "git-ex01", "git-ex01\git-ex01.vcxproj", "{15F5BC08-D38D-4186-94D8-885804E335D2}"
EndProject
Project("{8BC9CEB8-8B4A-11D0-8D11-00A0C91BC942}") = "git-ex02", "git-ex02\git-ex02.vcxproj", "{BF17D40A-2E76-4CA1-9E3A-71600A60645C}"
EndProject
Global
	GlobalSection(SolutionConfigurationPlatforms) = preSolution
		Debug|x64 = Debug|x64
		Debug|x86 = Debug|x86
		Release|x64 = Release|x64
		Release|x86 = Release|x86
	EndGlobalSection
	GlobalSection(ProjectConfigurationPlatforms) = postSolution
		{15F5BC08-D38D-4186-94D8-885804E335D2}.Debug|x64.ActiveCfg = Debug|x64
		{15F5BC08-D38D-4186-94D8-885804E335D2}.Debug|x64.Build.0 = Debug|x64
		{15F5BC08-D38D-4186-94D8-885804E335D2}.Debug|x86.ActiveCfg = Debug|Win32
		{15F5BC08-D38D-4186-94D8-885804E335D2}.Debug|x86.Build.0 = Debug|Win32
		{15F5BC08-D38D-4186-94D8-885804E335D2}.Release|x64.ActiveCfg = Release|x64
		{15F5BC08-D38D-4186-94D8-885804E335D2}.Release|x64.Build.0 = Release|x64
		{15F5BC08-D38D-4186-94D8-885804E335D2}.Release|x86.ActiveCfg = Release|Win32
		{15F5BC08-D38D-4186-94D8-885804E335D2}.Release|x86.Build.0 = Release|Win32
		{BF17D40A-2E76-4CA1-9E3A-71600A60645C}.Debug|x64.ActiveCfg = Debug|x64
		{BF17D40A-2E76-4CA1-9E3A-71600A60645C}.Debug|x64.Build.0 = Debug|x64
		{BF17D40A-2E76-4CA1-9E3A-71600A60645C}.Debug|x86.ActiveCfg = Debug|Win32
		{BF17D40A-2E76-4CA1-9E3A-71600A60645C}.Debug|x86.Build.0 = Debug|Win32
		{BF17D40A-2E76-4CA1-9E3A-71600A60645C}.Release|x64.ActiveCfg = Release|x64
		{BF17D40A-2E76-4CA1-9E3A-71600A60645C}.Release|x64.Build.0 = Release|x64
		{BF17D40A-2E76-4CA1-9E3A-71600A60645C}.Release|x86.ActiveCfg = Release|Win32
		{BF17D40A-2E76-4CA1-9E3A-71600A60645C}.Release|x86.Build.0 = Release|Win32
	EndGlobalSection
	GlobalSection(SolutionProperties) = preSolution
		HideSolutionNode = FALSE
	EndGlobalSection
	GlobalSection(NestedProjects) = preSolution
		{15F5BC08-D38D-4186-94D8-885804E335D2} = {C88A2FE8-C151-4553-BD20-EA3A8D5FF0E2}
		{BF17D40A-2E76-4CA1-9E3A-71600A60645C} = {C88A2FE8-C151-4553-BD20-EA3A8D5FF0E2}
	EndGlobalSection
	GlobalSection(ExtensibilityGlobals) = postSolution
		SolutionGuid = {B10DE6EB-B162-4BFE-BFE8-91FA8EEF78DC}
	EndGlobalSection
EndGlobal
